{
  "version": 4,
  "terraform_version": "1.2.1",
  "serial": 114,
  "lineage": "1bd050a1-6ffb-bfa8-cfe9-020edef75429",
  "outputs": {
    "public_ip_address_apache": {
      "value": "20.28.145.205",
      "type": "string"
    },
    "public_ip_address_mysql": {
      "value": "20.211.16.151",
      "type": "string"
    },
    "resource_group_name": {
      "value": "test",
      "type": "string"
    },
    "tls_private_key": {
      "value": "-----BEGIN OPENSSH PRIVATE KEY-----\nb3BlbnNzaC1rZXktdjEAAAAABG5vbmUAAAAEbm9uZQAAAAAAAAABAAACFwAAAAdz\nc2gtcnNhAAAAAwEAAQAAAgEA3r6RtbxD9OguDhVvF4ZH7JWKKbD4eivyO+AHONR5\nbXA209NhZUCRJnrc3jX9PEPA9FqfuEpmw5Hi+zLBnH2BgF+W2QWjxMVTWgMlRda9\nDWvLmUg1v8YD8YFyBEesyrXwvEMYcp6e+bXLcC/PE8Q0BCf0fjlPQiOVkM0NrQ08\niZ7UMLTj6fDXph5kHf4tLsG/0zh2kYNnpmFFQj65SvjSnnidliXYQ69WnoljtNMk\nUgukshD6KTW98fwRFyrE30ZO7EuZYO8hPlvC8VJCOU6nigLc3MieUoHoDfSuU9+o\n8lwD+M6w5nx8kdldoBPwh/8Hu1jb9m+T8zrWyJpogN9FG7kbWtP0/sqCLhvslnzY\nlW8XxycrzEjacXRhRhZWm8FEsFNUxeVuQiZx7NFyowklspwCaGG2U/xG3PJD73Qs\nXpCQJbokKYRZM1na6EAhu7glVxHdKaOGdkl3xJrlUe4CoY6wc1rO76Xa5i7edMpX\nfgMhLxTLHIK2eav20yaz1LSfsBM9c/IDBsWU2sdR7dvRFJXQak4gHkE+cOZO2Bst\nU/jzF+0KzX+nLiOyVlzTgGoEOvsN6kwLIKERzvKJdfZL+XIDapWSjqF4cWSg0Qk+\n2GQBPsGA1MXoIxeaLpyMif0jjkDvk3ZBMSafXCfHR2oq29GyPJ14KiR5FxfzR/+I\nRjsAAAc4soHzrLKB86wAAAAHc3NoLXJzYQAAAgEA3r6RtbxD9OguDhVvF4ZH7JWK\nKbD4eivyO+AHONR5bXA209NhZUCRJnrc3jX9PEPA9FqfuEpmw5Hi+zLBnH2BgF+W\n2QWjxMVTWgMlRda9DWvLmUg1v8YD8YFyBEesyrXwvEMYcp6e+bXLcC/PE8Q0BCf0\nfjlPQiOVkM0NrQ08iZ7UMLTj6fDXph5kHf4tLsG/0zh2kYNnpmFFQj65SvjSnnid\nliXYQ69WnoljtNMkUgukshD6KTW98fwRFyrE30ZO7EuZYO8hPlvC8VJCOU6nigLc\n3MieUoHoDfSuU9+o8lwD+M6w5nx8kdldoBPwh/8Hu1jb9m+T8zrWyJpogN9FG7kb\nWtP0/sqCLhvslnzYlW8XxycrzEjacXRhRhZWm8FEsFNUxeVuQiZx7NFyowklspwC\naGG2U/xG3PJD73QsXpCQJbokKYRZM1na6EAhu7glVxHdKaOGdkl3xJrlUe4CoY6w\nc1rO76Xa5i7edMpXfgMhLxTLHIK2eav20yaz1LSfsBM9c/IDBsWU2sdR7dvRFJXQ\nak4gHkE+cOZO2BstU/jzF+0KzX+nLiOyVlzTgGoEOvsN6kwLIKERzvKJdfZL+XID\napWSjqF4cWSg0Qk+2GQBPsGA1MXoIxeaLpyMif0jjkDvk3ZBMSafXCfHR2oq29Gy\nPJ14KiR5FxfzR/+IRjsAAAADAQABAAACAD4v5Exh0HM6s0j5UPe3ZLM3mMhFAUpS\npKF0zW9fWrtkHdqL5GA5Y4zjtnBPkHDX1bIi7v6rvv8Q5tcM96LyI0qs5VeXzH4u\nPTQfNrPF3Sg3FTOpRmBRL16oriVlwWci3qAg911gza+XwsGCh4TUPVV/tjHbXDZx\n6trvdMcAsAsYDdO/XPY+aGaXi4oYIZMxQpX86JV9o11/QK/bBS5aQ6s8r3pw/G0B\nMeS3JOAiJrzFRWj1dnI079/0aO0X4rkXTweHn73BZX2cbtOjDJwlSn8sh28Yj6Mn\nY5sp2dXO1sM7T1ySkC75SGoLzqjXiErft8/lYhvuUNcScU62VUDNlORAFTuAw7Wl\n0aN9kJwZxfoNc4wrLfni8U8DAY1HgqbCOpFhr7sIgZ5Aw2Ge88RQhPpm+hVXUuoT\nzy/9Y5F0YWLi5TFxK+116ihPILnXPdYmJs+5L//q4PYClw7SX28U1Y6YF35HwdZS\nVEXvUIAF1dpmzUyfI5hejTl+NSY7FNISDavhwuGWZl8DZmgzYTL1SyTC/L2F7Mnl\nN4QEkjpvUA9g5HAhnZmO0EF/e2esYxemdJ+qo2Lj40W4h18t672mi3SgMvO4A+86\n52YXLw0G6KcntLmoNmcG3Rc57OTBv7Y4aKxWf4Dd6wZo34E4R7cMDQUs+KEG5FNx\n2YuPTPsUST1RAAABAEoK7A5djRUkgWD5B8dA928+GI71xR1RcMuExD2wHzYPuzPr\nJNg0xdr2lXOIRgxGjVmmosu996DeIoNWCL0P0OUfm1PL/LsDffU5VkszlROtWIeG\nQYCqjHqE0JhcUSpOUv3yENllVjAvH4wFkUzj2G3VpIMwG+2jXe9FxpCb8uazUv/Y\nByGptKMMkDF0cxmyQzyoYicOkIL+ZjFK6p5WYm9miFOgfMlaSG3T+7mUGpcZuoOL\nnlLNFkZfFxTSgH/rGwX54lvfwWJZFdqf9JyWX+yWnUaOfiT6T5X8rpFWuEiOTHAp\nuLS79r2iqn0ffRTSAX3mQk/YRRTVnBvB8rXwWYEAAAEBAPmL7zeTWuDUzjZBl5Hf\nZFP1bz2YpaJ4n7XqQw2Ysfvi3jnQ0lra/uV3owJ+Zq4UjIAKm3ctZ48oV2mDexT1\ngoiQ4blyR5dEtv5ZLRQrD9Y7uH8WRLuD/Gwk51C3efSm+AMQQ1c9KCTqGYRY4ayo\nPsuavS3fZS2L6I2HGzTEVmb68HT1pl7g/+qFdqgiv/TJB2n//6W0F/y6d0Xj1h5I\nAraA2EOXjxQbzu2fJrQIPtE2j4Wd94xe6cf8qcUrRigEg1HHT91JlngUZ8Xcofz/\nmuMg5ID6AZE+miaz1rkf7bME7m9++3uBquwVp/clSKGGtJCdnakn5U4ljQwJfZ8e\ngoMAAAEBAOSBMmoJmdFQdCA01+eSiiQbs+xmJ2DtHjPRCtOTXJX5jGtLG7w1HkFc\nTnLp1iF9CZFHXWnL9uxzcCIhnOCtufVU38NzEQJdwWMIm7vMnzTam8LXVSH6Q8CS\nCyzn0xLFfKqA4jfsag2S0NdfO84eDiPX8E7RTqzbGGU1sLG+D0wtlcAEWITgVN/v\n7huOEGNF+fkhYKUPRzq+aeuMVcngVz+fYm4BLw1CXFGVVOhDF308kEiqCHIL3Vyr\niuBYuNx3BARl2xLXjUxDL5k83s7UVNJvCAonx0DcbysvpgVqrhzjFKEvkhjjFfag\nATq8R8tBtPkORNQkeKF7KDUDJszB/+kAAAAAAQID\n-----END OPENSSH PRIVATE KEY-----\n",
      "type": "string",
      "sensitive": true
    }
  },
  "resources": [
    {
      "mode": "managed",
      "type": "azurerm_linux_virtual_machine",
      "name": "apache_vm",
      "provider": "provider[\"registry.terraform.io/hashicorp/azurerm\"]",
      "instances": [
        {
          "schema_version": 0,
          "attributes": {
            "additional_capabilities": [],
            "admin_password": null,
            "admin_ssh_key": [
              {
                "public_key": "ssh-rsa AAAAB3NzaC1yc2EAAAADAQABAAACAQDevpG1vEP06C4OFW8XhkfslYopsPh6K/I74Ac41HltcDbT02FlQJEmetzeNf08Q8D0Wp+4SmbDkeL7MsGcfYGAX5bZBaPExVNaAyVF1r0Na8uZSDW/xgPxgXIER6zKtfC8Qxhynp75tctwL88TxDQEJ/R+OU9CI5WQzQ2tDTyJntQwtOPp8NemHmQd/i0uwb/TOHaRg2emYUVCPrlK+NKeeJ2WJdhDr1aeiWO00yRSC6SyEPopNb3x/BEXKsTfRk7sS5lg7yE+W8LxUkI5TqeKAtzcyJ5SgegN9K5T36jyXAP4zrDmfHyR2V2gE/CH/we7WNv2b5PzOtbImmiA30UbuRta0/T+yoIuG+yWfNiVbxfHJyvMSNpxdGFGFlabwUSwU1TF5W5CJnHs0XKjCSWynAJoYbZT/Ebc8kPvdCxekJAluiQphFkzWdroQCG7uCVXEd0po4Z2SXfEmuVR7gKhjrBzWs7vpdrmLt50yld+AyEvFMscgrZ5q/bTJrPUtJ+wEz1z8gMGxZTax1Ht29EUldBqTiAeQT5w5k7YGy1T+PMX7QrNf6cuI7JWXNOAagQ6+w3qTAsgoRHO8ol19kv5cgNqlZKOoXhxZKDRCT7YZAE+wYDUxegjF5ounIyJ/SOOQO+TdkExJp9cJ8dHairb0bI8nXgqJHkXF/NH/4hGOw==\n",
                "username": "azureuser"
              }
            ],
            "admin_username": "azureuser",
            "allow_extension_operations": true,
            "availability_set_id": "",
            "boot_diagnostics": [],
            "computer_name": "apache",
            "custom_data": null,
            "dedicated_host_group_id": "",
            "dedicated_host_id": "",
            "disable_password_authentication": true,
            "encryption_at_host_enabled": false,
            "eviction_policy": "",
            "extensions_time_budget": "PT1H30M",
            "id": "/subscriptions/4003bfb0-50d8-45ef-8724-8dcbc93b4370/resourceGroups/test/providers/Microsoft.Compute/virtualMachines/apache",
            "identity": [],
            "license_type": "",
            "location": "australiaeast",
            "max_bid_price": -1,
            "name": "apache",
            "network_interface_ids": [
              "/subscriptions/4003bfb0-50d8-45ef-8724-8dcbc93b4370/resourceGroups/test/providers/Microsoft.Network/networkInterfaces/ni_test_apache"
            ],
            "os_disk": [
              {
                "caching": "ReadWrite",
                "diff_disk_settings": [],
                "disk_encryption_set_id": "",
                "disk_size_gb": 30,
                "name": "os_disk_apache",
                "storage_account_type": "Standard_LRS",
                "write_accelerator_enabled": false
              }
            ],
            "patch_mode": "ImageDefault",
            "plan": [],
            "platform_fault_domain": -1,
            "priority": "Regular",
            "private_ip_address": "10.0.1.5",
            "private_ip_addresses": [
              "10.0.1.5"
            ],
            "provision_vm_agent": true,
            "proximity_placement_group_id": "",
            "public_ip_address": "20.28.145.205",
            "public_ip_addresses": [
              "20.28.145.205"
            ],
            "resource_group_name": "test",
            "secret": [],
            "secure_boot_enabled": false,
            "size": "Standard_B1ls",
            "source_image_id": "",
            "source_image_reference": [
              {
                "offer": "UbuntuServer",
                "publisher": "Canonical",
                "sku": "18.04-LTS",
                "version": "latest"
              }
            ],
            "tags": null,
            "timeouts": null,
            "user_data": "",
            "virtual_machine_id": "e2d40937-2c77-4db1-a5ed-27d1b80c7a18",
            "virtual_machine_scale_set_id": "",
            "vtpm_enabled": false,
            "zone": ""
          },
          "sensitive_attributes": [],
          "private": "eyJlMmJmYjczMC1lY2FhLTExZTYtOGY4OC0zNDM2M2JjN2M0YzAiOnsiY3JlYXRlIjoyNzAwMDAwMDAwMDAwLCJkZWxldGUiOjI3MDAwMDAwMDAwMDAsInJlYWQiOjMwMDAwMDAwMDAwMCwidXBkYXRlIjoyNzAwMDAwMDAwMDAwfX0=",
          "dependencies": [
            "azurerm_network_interface.ni_apache",
            "azurerm_public_ip.ip_public_apache",
            "azurerm_resource_group.rg",
            "azurerm_subnet.subnet",
            "azurerm_virtual_network.vnet",
            "tls_private_key.ssh"
          ]
        }
      ]
    },
    {
      "mode": "managed",
      "type": "azurerm_linux_virtual_machine",
      "name": "mysql_vm",
      "provider": "provider[\"registry.terraform.io/hashicorp/azurerm\"]",
      "instances": [
        {
          "schema_version": 0,
          "attributes": {
            "additional_capabilities": [],
            "admin_password": null,
            "admin_ssh_key": [
              {
                "public_key": "ssh-rsa AAAAB3NzaC1yc2EAAAADAQABAAACAQDevpG1vEP06C4OFW8XhkfslYopsPh6K/I74Ac41HltcDbT02FlQJEmetzeNf08Q8D0Wp+4SmbDkeL7MsGcfYGAX5bZBaPExVNaAyVF1r0Na8uZSDW/xgPxgXIER6zKtfC8Qxhynp75tctwL88TxDQEJ/R+OU9CI5WQzQ2tDTyJntQwtOPp8NemHmQd/i0uwb/TOHaRg2emYUVCPrlK+NKeeJ2WJdhDr1aeiWO00yRSC6SyEPopNb3x/BEXKsTfRk7sS5lg7yE+W8LxUkI5TqeKAtzcyJ5SgegN9K5T36jyXAP4zrDmfHyR2V2gE/CH/we7WNv2b5PzOtbImmiA30UbuRta0/T+yoIuG+yWfNiVbxfHJyvMSNpxdGFGFlabwUSwU1TF5W5CJnHs0XKjCSWynAJoYbZT/Ebc8kPvdCxekJAluiQphFkzWdroQCG7uCVXEd0po4Z2SXfEmuVR7gKhjrBzWs7vpdrmLt50yld+AyEvFMscgrZ5q/bTJrPUtJ+wEz1z8gMGxZTax1Ht29EUldBqTiAeQT5w5k7YGy1T+PMX7QrNf6cuI7JWXNOAagQ6+w3qTAsgoRHO8ol19kv5cgNqlZKOoXhxZKDRCT7YZAE+wYDUxegjF5ounIyJ/SOOQO+TdkExJp9cJ8dHairb0bI8nXgqJHkXF/NH/4hGOw==\n",
                "username": "azureuser"
              }
            ],
            "admin_username": "azureuser",
            "allow_extension_operations": true,
            "availability_set_id": "",
            "boot_diagnostics": [],
            "computer_name": "mysql",
            "custom_data": null,
            "dedicated_host_group_id": "",
            "dedicated_host_id": "",
            "disable_password_authentication": true,
            "encryption_at_host_enabled": false,
            "eviction_policy": "",
            "extensions_time_budget": "PT1H30M",
            "id": "/subscriptions/4003bfb0-50d8-45ef-8724-8dcbc93b4370/resourceGroups/test/providers/Microsoft.Compute/virtualMachines/mysql",
            "identity": [],
            "license_type": "",
            "location": "australiaeast",
            "max_bid_price": -1,
            "name": "mysql",
            "network_interface_ids": [
              "/subscriptions/4003bfb0-50d8-45ef-8724-8dcbc93b4370/resourceGroups/test/providers/Microsoft.Network/networkInterfaces/ni_test"
            ],
            "os_disk": [
              {
                "caching": "ReadWrite",
                "diff_disk_settings": [],
                "disk_encryption_set_id": "",
                "disk_size_gb": 30,
                "name": "os_disk_mysql",
                "storage_account_type": "Standard_LRS",
                "write_accelerator_enabled": false
              }
            ],
            "patch_mode": "ImageDefault",
            "plan": [],
            "platform_fault_domain": -1,
            "priority": "Regular",
            "private_ip_address": "10.0.1.4",
            "private_ip_addresses": [
              "10.0.1.4"
            ],
            "provision_vm_agent": true,
            "proximity_placement_group_id": "",
            "public_ip_address": "20.211.16.151",
            "public_ip_addresses": [
              "20.211.16.151"
            ],
            "resource_group_name": "test",
            "secret": [],
            "secure_boot_enabled": false,
            "size": "Standard_B1ls",
            "source_image_id": "",
            "source_image_reference": [
              {
                "offer": "UbuntuServer",
                "publisher": "Canonical",
                "sku": "18.04-LTS",
                "version": "latest"
              }
            ],
            "tags": null,
            "timeouts": null,
            "user_data": "",
            "virtual_machine_id": "11a2bb12-4e79-45d1-a853-7866fb3a3115",
            "virtual_machine_scale_set_id": "",
            "vtpm_enabled": false,
            "zone": ""
          },
          "sensitive_attributes": [],
          "private": "eyJlMmJmYjczMC1lY2FhLTExZTYtOGY4OC0zNDM2M2JjN2M0YzAiOnsiY3JlYXRlIjoyNzAwMDAwMDAwMDAwLCJkZWxldGUiOjI3MDAwMDAwMDAwMDAsInJlYWQiOjMwMDAwMDAwMDAwMCwidXBkYXRlIjoyNzAwMDAwMDAwMDAwfX0=",
          "dependencies": [
            "azurerm_network_interface.ni",
            "azurerm_public_ip.ip_public",
            "azurerm_resource_group.rg",
            "azurerm_subnet.subnet",
            "azurerm_virtual_network.vnet",
            "tls_private_key.ssh"
          ]
        }
      ]
    },
    {
      "mode": "managed",
      "type": "azurerm_network_interface",
      "name": "ni",
      "provider": "provider[\"registry.terraform.io/hashicorp/azurerm\"]",
      "instances": [
        {
          "schema_version": 0,
          "attributes": {
            "applied_dns_servers": [],
            "dns_servers": [],
            "enable_accelerated_networking": false,
            "enable_ip_forwarding": false,
            "id": "/subscriptions/4003bfb0-50d8-45ef-8724-8dcbc93b4370/resourceGroups/test/providers/Microsoft.Network/networkInterfaces/ni_test",
            "internal_dns_name_label": "",
            "internal_domain_name_suffix": "te2odbgzb3yerk1pqmmbeie5yd.px.internal.cloudapp.net",
            "ip_configuration": [
              {
                "gateway_load_balancer_frontend_ip_configuration_id": "",
                "name": "NIC_Test",
                "primary": true,
                "private_ip_address": "10.0.1.4",
                "private_ip_address_allocation": "Dynamic",
                "private_ip_address_version": "IPv4",
                "public_ip_address_id": "/subscriptions/4003bfb0-50d8-45ef-8724-8dcbc93b4370/resourceGroups/test/providers/Microsoft.Network/publicIPAddresses/public_ip_test",
                "subnet_id": "/subscriptions/4003bfb0-50d8-45ef-8724-8dcbc93b4370/resourceGroups/test/providers/Microsoft.Network/virtualNetworks/vnet_test/subnets/subnet_test"
              }
            ],
            "location": "australiaeast",
            "mac_address": "",
            "name": "ni_test",
            "private_ip_address": "10.0.1.4",
            "private_ip_addresses": [
              "10.0.1.4"
            ],
            "resource_group_name": "test",
            "tags": null,
            "timeouts": null,
            "virtual_machine_id": ""
          },
          "sensitive_attributes": [],
          "private": "eyJlMmJmYjczMC1lY2FhLTExZTYtOGY4OC0zNDM2M2JjN2M0YzAiOnsiY3JlYXRlIjoxODAwMDAwMDAwMDAwLCJkZWxldGUiOjE4MDAwMDAwMDAwMDAsInJlYWQiOjMwMDAwMDAwMDAwMCwidXBkYXRlIjoxODAwMDAwMDAwMDAwfX0=",
          "dependencies": [
            "azurerm_public_ip.ip_public",
            "azurerm_resource_group.rg",
            "azurerm_subnet.subnet",
            "azurerm_virtual_network.vnet"
          ]
        }
      ]
    },
    {
      "mode": "managed",
      "type": "azurerm_network_interface",
      "name": "ni_apache",
      "provider": "provider[\"registry.terraform.io/hashicorp/azurerm\"]",
      "instances": [
        {
          "schema_version": 0,
          "attributes": {
            "applied_dns_servers": [],
            "dns_servers": [],
            "enable_accelerated_networking": false,
            "enable_ip_forwarding": false,
            "id": "/subscriptions/4003bfb0-50d8-45ef-8724-8dcbc93b4370/resourceGroups/test/providers/Microsoft.Network/networkInterfaces/ni_test_apache",
            "internal_dns_name_label": "",
            "internal_domain_name_suffix": "te2odbgzb3yerk1pqmmbeie5yd.px.internal.cloudapp.net",
            "ip_configuration": [
              {
                "gateway_load_balancer_frontend_ip_configuration_id": "",
                "name": "NIC_Test_Apache",
                "primary": true,
                "private_ip_address": "10.0.1.5",
                "private_ip_address_allocation": "Dynamic",
                "private_ip_address_version": "IPv4",
                "public_ip_address_id": "/subscriptions/4003bfb0-50d8-45ef-8724-8dcbc93b4370/resourceGroups/test/providers/Microsoft.Network/publicIPAddresses/public_apache_ip_test",
                "subnet_id": "/subscriptions/4003bfb0-50d8-45ef-8724-8dcbc93b4370/resourceGroups/test/providers/Microsoft.Network/virtualNetworks/vnet_test/subnets/subnet_test"
              }
            ],
            "location": "australiaeast",
            "mac_address": "",
            "name": "ni_test_apache",
            "private_ip_address": "10.0.1.5",
            "private_ip_addresses": [
              "10.0.1.5"
            ],
            "resource_group_name": "test",
            "tags": null,
            "timeouts": null,
            "virtual_machine_id": ""
          },
          "sensitive_attributes": [],
          "private": "eyJlMmJmYjczMC1lY2FhLTExZTYtOGY4OC0zNDM2M2JjN2M0YzAiOnsiY3JlYXRlIjoxODAwMDAwMDAwMDAwLCJkZWxldGUiOjE4MDAwMDAwMDAwMDAsInJlYWQiOjMwMDAwMDAwMDAwMCwidXBkYXRlIjoxODAwMDAwMDAwMDAwfX0=",
          "dependencies": [
            "azurerm_public_ip.ip_public_apache",
            "azurerm_resource_group.rg",
            "azurerm_subnet.subnet",
            "azurerm_virtual_network.vnet"
          ]
        }
      ]
    },
    {
      "mode": "managed",
      "type": "azurerm_network_interface_security_group_association",
      "name": "apache",
      "provider": "provider[\"registry.terraform.io/hashicorp/azurerm\"]",
      "instances": [
        {
          "schema_version": 0,
          "attributes": {
            "id": "/subscriptions/4003bfb0-50d8-45ef-8724-8dcbc93b4370/resourceGroups/test/providers/Microsoft.Network/networkInterfaces/ni_test_apache|/subscriptions/4003bfb0-50d8-45ef-8724-8dcbc93b4370/resourceGroups/test/providers/Microsoft.Network/networkSecurityGroups/nsg_test",
            "network_interface_id": "/subscriptions/4003bfb0-50d8-45ef-8724-8dcbc93b4370/resourceGroups/test/providers/Microsoft.Network/networkInterfaces/ni_test_apache",
            "network_security_group_id": "/subscriptions/4003bfb0-50d8-45ef-8724-8dcbc93b4370/resourceGroups/test/providers/Microsoft.Network/networkSecurityGroups/nsg_test",
            "timeouts": null
          },
          "sensitive_attributes": [],
          "private": "eyJlMmJmYjczMC1lY2FhLTExZTYtOGY4OC0zNDM2M2JjN2M0YzAiOnsiY3JlYXRlIjoxODAwMDAwMDAwMDAwLCJkZWxldGUiOjE4MDAwMDAwMDAwMDAsInJlYWQiOjMwMDAwMDAwMDAwMCwidXBkYXRlIjoxODAwMDAwMDAwMDAwfX0=",
          "dependencies": [
            "azurerm_network_interface.ni_apache",
            "azurerm_network_security_group.sg",
            "azurerm_public_ip.ip_public_apache",
            "azurerm_resource_group.rg",
            "azurerm_subnet.subnet",
            "azurerm_virtual_network.vnet"
          ]
        }
      ]
    },
    {
      "mode": "managed",
      "type": "azurerm_network_interface_security_group_association",
      "name": "mysql",
      "provider": "provider[\"registry.terraform.io/hashicorp/azurerm\"]",
      "instances": [
        {
          "schema_version": 0,
          "attributes": {
            "id": "/subscriptions/4003bfb0-50d8-45ef-8724-8dcbc93b4370/resourceGroups/test/providers/Microsoft.Network/networkInterfaces/ni_test|/subscriptions/4003bfb0-50d8-45ef-8724-8dcbc93b4370/resourceGroups/test/providers/Microsoft.Network/networkSecurityGroups/nsg_test",
            "network_interface_id": "/subscriptions/4003bfb0-50d8-45ef-8724-8dcbc93b4370/resourceGroups/test/providers/Microsoft.Network/networkInterfaces/ni_test",
            "network_security_group_id": "/subscriptions/4003bfb0-50d8-45ef-8724-8dcbc93b4370/resourceGroups/test/providers/Microsoft.Network/networkSecurityGroups/nsg_test",
            "timeouts": null
          },
          "sensitive_attributes": [],
          "private": "eyJlMmJmYjczMC1lY2FhLTExZTYtOGY4OC0zNDM2M2JjN2M0YzAiOnsiY3JlYXRlIjoxODAwMDAwMDAwMDAwLCJkZWxldGUiOjE4MDAwMDAwMDAwMDAsInJlYWQiOjMwMDAwMDAwMDAwMCwidXBkYXRlIjoxODAwMDAwMDAwMDAwfX0=",
          "dependencies": [
            "azurerm_network_interface.ni",
            "azurerm_network_security_group.sg",
            "azurerm_public_ip.ip_public",
            "azurerm_resource_group.rg",
            "azurerm_subnet.subnet",
            "azurerm_virtual_network.vnet"
          ]
        }
      ]
    },
    {
      "mode": "managed",
      "type": "azurerm_network_security_group",
      "name": "sg",
      "provider": "provider[\"registry.terraform.io/hashicorp/azurerm\"]",
      "instances": [
        {
          "schema_version": 0,
          "attributes": {
            "id": "/subscriptions/4003bfb0-50d8-45ef-8724-8dcbc93b4370/resourceGroups/test/providers/Microsoft.Network/networkSecurityGroups/nsg_test",
            "location": "australiaeast",
            "name": "nsg_test",
            "resource_group_name": "test",
            "security_rule": [
              {
                "access": "Allow",
                "description": "Allow SSH",
                "destination_address_prefix": "*",
                "destination_address_prefixes": [],
                "destination_application_security_group_ids": [],
                "destination_port_range": "22",
                "destination_port_ranges": [],
                "direction": "Inbound",
                "name": "SSH",
                "priority": 1001,
                "protocol": "Tcp",
                "source_address_prefix": "*",
                "source_address_prefixes": [],
                "source_application_security_group_ids": [],
                "source_port_range": "*",
                "source_port_ranges": []
              }
            ],
            "tags": null,
            "timeouts": null
          },
          "sensitive_attributes": [],
          "private": "eyJlMmJmYjczMC1lY2FhLTExZTYtOGY4OC0zNDM2M2JjN2M0YzAiOnsiY3JlYXRlIjoxODAwMDAwMDAwMDAwLCJkZWxldGUiOjE4MDAwMDAwMDAwMDAsInJlYWQiOjMwMDAwMDAwMDAwMCwidXBkYXRlIjoxODAwMDAwMDAwMDAwfX0=",
          "dependencies": [
            "azurerm_resource_group.rg"
          ]
        }
      ]
    },
    {
      "mode": "managed",
      "type": "azurerm_public_ip",
      "name": "ip_public",
      "provider": "provider[\"registry.terraform.io/hashicorp/azurerm\"]",
      "instances": [
        {
          "schema_version": 0,
          "attributes": {
            "allocation_method": "Dynamic",
            "availability_zone": "No-Zone",
            "domain_name_label": null,
            "fqdn": null,
            "id": "/subscriptions/4003bfb0-50d8-45ef-8724-8dcbc93b4370/resourceGroups/test/providers/Microsoft.Network/publicIPAddresses/public_ip_test",
            "idle_timeout_in_minutes": 4,
            "ip_address": "",
            "ip_tags": null,
            "ip_version": "IPv4",
            "location": "australiaeast",
            "name": "public_ip_test",
            "public_ip_prefix_id": null,
            "resource_group_name": "test",
            "reverse_fqdn": null,
            "sku": "Basic",
            "sku_tier": "Regional",
            "tags": null,
            "timeouts": null,
            "zones": []
          },
          "sensitive_attributes": [],
          "private": "eyJlMmJmYjczMC1lY2FhLTExZTYtOGY4OC0zNDM2M2JjN2M0YzAiOnsiY3JlYXRlIjoxODAwMDAwMDAwMDAwLCJkZWxldGUiOjE4MDAwMDAwMDAwMDAsInJlYWQiOjMwMDAwMDAwMDAwMCwidXBkYXRlIjoxODAwMDAwMDAwMDAwfX0=",
          "dependencies": [
            "azurerm_resource_group.rg"
          ]
        }
      ]
    },
    {
      "mode": "managed",
      "type": "azurerm_public_ip",
      "name": "ip_public_apache",
      "provider": "provider[\"registry.terraform.io/hashicorp/azurerm\"]",
      "instances": [
        {
          "schema_version": 0,
          "attributes": {
            "allocation_method": "Dynamic",
            "availability_zone": "No-Zone",
            "domain_name_label": null,
            "fqdn": null,
            "id": "/subscriptions/4003bfb0-50d8-45ef-8724-8dcbc93b4370/resourceGroups/test/providers/Microsoft.Network/publicIPAddresses/public_apache_ip_test",
            "idle_timeout_in_minutes": 4,
            "ip_address": "",
            "ip_tags": null,
            "ip_version": "IPv4",
            "location": "australiaeast",
            "name": "public_apache_ip_test",
            "public_ip_prefix_id": null,
            "resource_group_name": "test",
            "reverse_fqdn": null,
            "sku": "Basic",
            "sku_tier": "Regional",
            "tags": null,
            "timeouts": null,
            "zones": []
          },
          "sensitive_attributes": [],
          "private": "eyJlMmJmYjczMC1lY2FhLTExZTYtOGY4OC0zNDM2M2JjN2M0YzAiOnsiY3JlYXRlIjoxODAwMDAwMDAwMDAwLCJkZWxldGUiOjE4MDAwMDAwMDAwMDAsInJlYWQiOjMwMDAwMDAwMDAwMCwidXBkYXRlIjoxODAwMDAwMDAwMDAwfX0=",
          "dependencies": [
            "azurerm_resource_group.rg"
          ]
        }
      ]
    },
    {
      "mode": "managed",
      "type": "azurerm_resource_group",
      "name": "rg",
      "provider": "provider[\"registry.terraform.io/hashicorp/azurerm\"]",
      "instances": [
        {
          "schema_version": 0,
          "attributes": {
            "id": "/subscriptions/4003bfb0-50d8-45ef-8724-8dcbc93b4370/resourceGroups/test",
            "location": "australiaeast",
            "name": "test",
            "tags": null,
            "timeouts": null
          },
          "sensitive_attributes": [],
          "private": "eyJlMmJmYjczMC1lY2FhLTExZTYtOGY4OC0zNDM2M2JjN2M0YzAiOnsiY3JlYXRlIjo1NDAwMDAwMDAwMDAwLCJkZWxldGUiOjU0MDAwMDAwMDAwMDAsInJlYWQiOjMwMDAwMDAwMDAwMCwidXBkYXRlIjo1NDAwMDAwMDAwMDAwfX0="
        }
      ]
    },
    {
      "mode": "managed",
      "type": "azurerm_subnet",
      "name": "subnet",
      "provider": "provider[\"registry.terraform.io/hashicorp/azurerm\"]",
      "instances": [
        {
          "schema_version": 0,
          "attributes": {
            "address_prefix": "10.0.1.0/24",
            "address_prefixes": [
              "10.0.1.0/24"
            ],
            "delegation": [],
            "enforce_private_link_endpoint_network_policies": false,
            "enforce_private_link_service_network_policies": false,
            "id": "/subscriptions/4003bfb0-50d8-45ef-8724-8dcbc93b4370/resourceGroups/test/providers/Microsoft.Network/virtualNetworks/vnet_test/subnets/subnet_test",
            "name": "subnet_test",
            "resource_group_name": "test",
            "service_endpoint_policy_ids": null,
            "service_endpoints": null,
            "timeouts": null,
            "virtual_network_name": "vnet_test"
          },
          "sensitive_attributes": [],
          "private": "eyJlMmJmYjczMC1lY2FhLTExZTYtOGY4OC0zNDM2M2JjN2M0YzAiOnsiY3JlYXRlIjoxODAwMDAwMDAwMDAwLCJkZWxldGUiOjE4MDAwMDAwMDAwMDAsInJlYWQiOjMwMDAwMDAwMDAwMCwidXBkYXRlIjoxODAwMDAwMDAwMDAwfX0=",
          "dependencies": [
            "azurerm_resource_group.rg",
            "azurerm_virtual_network.vnet"
          ]
        }
      ]
    },
    {
      "mode": "managed",
      "type": "azurerm_virtual_network",
      "name": "vnet",
      "provider": "provider[\"registry.terraform.io/hashicorp/azurerm\"]",
      "instances": [
        {
          "schema_version": 0,
          "attributes": {
            "address_space": [
              "10.0.0.0/16"
            ],
            "bgp_community": "",
            "ddos_protection_plan": [],
            "dns_servers": [],
            "flow_timeout_in_minutes": 0,
            "guid": "84e13899-0fd9-4870-ab6f-831812209fc3",
            "id": "/subscriptions/4003bfb0-50d8-45ef-8724-8dcbc93b4370/resourceGroups/test/providers/Microsoft.Network/virtualNetworks/vnet_test",
            "location": "australiaeast",
            "name": "vnet_test",
            "resource_group_name": "test",
            "subnet": [],
            "tags": null,
            "timeouts": null,
            "vm_protection_enabled": false
          },
          "sensitive_attributes": [],
          "private": "eyJlMmJmYjczMC1lY2FhLTExZTYtOGY4OC0zNDM2M2JjN2M0YzAiOnsiY3JlYXRlIjoxODAwMDAwMDAwMDAwLCJkZWxldGUiOjE4MDAwMDAwMDAwMDAsInJlYWQiOjMwMDAwMDAwMDAwMCwidXBkYXRlIjoxODAwMDAwMDAwMDAwfX0=",
          "dependencies": [
            "azurerm_resource_group.rg"
          ]
        }
      ]
    },
    {
      "mode": "managed",
      "type": "tls_private_key",
      "name": "ssh",
      "provider": "provider[\"registry.terraform.io/hashicorp/tls\"]",
      "instances": [
        {
          "schema_version": 0,
          "attributes": {
            "algorithm": "RSA",
            "ecdsa_curve": "P224",
            "id": "97517fd810ef0330323f9df7348c1e8d03807a61",
            "private_key_openssh": "-----BEGIN OPENSSH PRIVATE KEY-----\nb3BlbnNzaC1rZXktdjEAAAAABG5vbmUAAAAEbm9uZQAAAAAAAAABAAACFwAAAAdz\nc2gtcnNhAAAAAwEAAQAAAgEA3r6RtbxD9OguDhVvF4ZH7JWKKbD4eivyO+AHONR5\nbXA209NhZUCRJnrc3jX9PEPA9FqfuEpmw5Hi+zLBnH2BgF+W2QWjxMVTWgMlRda9\nDWvLmUg1v8YD8YFyBEesyrXwvEMYcp6e+bXLcC/PE8Q0BCf0fjlPQiOVkM0NrQ08\niZ7UMLTj6fDXph5kHf4tLsG/0zh2kYNnpmFFQj65SvjSnnidliXYQ69WnoljtNMk\nUgukshD6KTW98fwRFyrE30ZO7EuZYO8hPlvC8VJCOU6nigLc3MieUoHoDfSuU9+o\n8lwD+M6w5nx8kdldoBPwh/8Hu1jb9m+T8zrWyJpogN9FG7kbWtP0/sqCLhvslnzY\nlW8XxycrzEjacXRhRhZWm8FEsFNUxeVuQiZx7NFyowklspwCaGG2U/xG3PJD73Qs\nXpCQJbokKYRZM1na6EAhu7glVxHdKaOGdkl3xJrlUe4CoY6wc1rO76Xa5i7edMpX\nfgMhLxTLHIK2eav20yaz1LSfsBM9c/IDBsWU2sdR7dvRFJXQak4gHkE+cOZO2Bst\nU/jzF+0KzX+nLiOyVlzTgGoEOvsN6kwLIKERzvKJdfZL+XIDapWSjqF4cWSg0Qk+\n2GQBPsGA1MXoIxeaLpyMif0jjkDvk3ZBMSafXCfHR2oq29GyPJ14KiR5FxfzR/+I\nRjsAAAc4soHzrLKB86wAAAAHc3NoLXJzYQAAAgEA3r6RtbxD9OguDhVvF4ZH7JWK\nKbD4eivyO+AHONR5bXA209NhZUCRJnrc3jX9PEPA9FqfuEpmw5Hi+zLBnH2BgF+W\n2QWjxMVTWgMlRda9DWvLmUg1v8YD8YFyBEesyrXwvEMYcp6e+bXLcC/PE8Q0BCf0\nfjlPQiOVkM0NrQ08iZ7UMLTj6fDXph5kHf4tLsG/0zh2kYNnpmFFQj65SvjSnnid\nliXYQ69WnoljtNMkUgukshD6KTW98fwRFyrE30ZO7EuZYO8hPlvC8VJCOU6nigLc\n3MieUoHoDfSuU9+o8lwD+M6w5nx8kdldoBPwh/8Hu1jb9m+T8zrWyJpogN9FG7kb\nWtP0/sqCLhvslnzYlW8XxycrzEjacXRhRhZWm8FEsFNUxeVuQiZx7NFyowklspwC\naGG2U/xG3PJD73QsXpCQJbokKYRZM1na6EAhu7glVxHdKaOGdkl3xJrlUe4CoY6w\nc1rO76Xa5i7edMpXfgMhLxTLHIK2eav20yaz1LSfsBM9c/IDBsWU2sdR7dvRFJXQ\nak4gHkE+cOZO2BstU/jzF+0KzX+nLiOyVlzTgGoEOvsN6kwLIKERzvKJdfZL+XID\napWSjqF4cWSg0Qk+2GQBPsGA1MXoIxeaLpyMif0jjkDvk3ZBMSafXCfHR2oq29Gy\nPJ14KiR5FxfzR/+IRjsAAAADAQABAAACAD4v5Exh0HM6s0j5UPe3ZLM3mMhFAUpS\npKF0zW9fWrtkHdqL5GA5Y4zjtnBPkHDX1bIi7v6rvv8Q5tcM96LyI0qs5VeXzH4u\nPTQfNrPF3Sg3FTOpRmBRL16oriVlwWci3qAg911gza+XwsGCh4TUPVV/tjHbXDZx\n6trvdMcAsAsYDdO/XPY+aGaXi4oYIZMxQpX86JV9o11/QK/bBS5aQ6s8r3pw/G0B\nMeS3JOAiJrzFRWj1dnI079/0aO0X4rkXTweHn73BZX2cbtOjDJwlSn8sh28Yj6Mn\nY5sp2dXO1sM7T1ySkC75SGoLzqjXiErft8/lYhvuUNcScU62VUDNlORAFTuAw7Wl\n0aN9kJwZxfoNc4wrLfni8U8DAY1HgqbCOpFhr7sIgZ5Aw2Ge88RQhPpm+hVXUuoT\nzy/9Y5F0YWLi5TFxK+116ihPILnXPdYmJs+5L//q4PYClw7SX28U1Y6YF35HwdZS\nVEXvUIAF1dpmzUyfI5hejTl+NSY7FNISDavhwuGWZl8DZmgzYTL1SyTC/L2F7Mnl\nN4QEkjpvUA9g5HAhnZmO0EF/e2esYxemdJ+qo2Lj40W4h18t672mi3SgMvO4A+86\n52YXLw0G6KcntLmoNmcG3Rc57OTBv7Y4aKxWf4Dd6wZo34E4R7cMDQUs+KEG5FNx\n2YuPTPsUST1RAAABAEoK7A5djRUkgWD5B8dA928+GI71xR1RcMuExD2wHzYPuzPr\nJNg0xdr2lXOIRgxGjVmmosu996DeIoNWCL0P0OUfm1PL/LsDffU5VkszlROtWIeG\nQYCqjHqE0JhcUSpOUv3yENllVjAvH4wFkUzj2G3VpIMwG+2jXe9FxpCb8uazUv/Y\nByGptKMMkDF0cxmyQzyoYicOkIL+ZjFK6p5WYm9miFOgfMlaSG3T+7mUGpcZuoOL\nnlLNFkZfFxTSgH/rGwX54lvfwWJZFdqf9JyWX+yWnUaOfiT6T5X8rpFWuEiOTHAp\nuLS79r2iqn0ffRTSAX3mQk/YRRTVnBvB8rXwWYEAAAEBAPmL7zeTWuDUzjZBl5Hf\nZFP1bz2YpaJ4n7XqQw2Ysfvi3jnQ0lra/uV3owJ+Zq4UjIAKm3ctZ48oV2mDexT1\ngoiQ4blyR5dEtv5ZLRQrD9Y7uH8WRLuD/Gwk51C3efSm+AMQQ1c9KCTqGYRY4ayo\nPsuavS3fZS2L6I2HGzTEVmb68HT1pl7g/+qFdqgiv/TJB2n//6W0F/y6d0Xj1h5I\nAraA2EOXjxQbzu2fJrQIPtE2j4Wd94xe6cf8qcUrRigEg1HHT91JlngUZ8Xcofz/\nmuMg5ID6AZE+miaz1rkf7bME7m9++3uBquwVp/clSKGGtJCdnakn5U4ljQwJfZ8e\ngoMAAAEBAOSBMmoJmdFQdCA01+eSiiQbs+xmJ2DtHjPRCtOTXJX5jGtLG7w1HkFc\nTnLp1iF9CZFHXWnL9uxzcCIhnOCtufVU38NzEQJdwWMIm7vMnzTam8LXVSH6Q8CS\nCyzn0xLFfKqA4jfsag2S0NdfO84eDiPX8E7RTqzbGGU1sLG+D0wtlcAEWITgVN/v\n7huOEGNF+fkhYKUPRzq+aeuMVcngVz+fYm4BLw1CXFGVVOhDF308kEiqCHIL3Vyr\niuBYuNx3BARl2xLXjUxDL5k83s7UVNJvCAonx0DcbysvpgVqrhzjFKEvkhjjFfag\nATq8R8tBtPkORNQkeKF7KDUDJszB/+kAAAAAAQID\n-----END OPENSSH PRIVATE KEY-----\n",
            "private_key_pem": "-----BEGIN RSA PRIVATE KEY-----\nMIIJKQIBAAKCAgEA3r6RtbxD9OguDhVvF4ZH7JWKKbD4eivyO+AHONR5bXA209Nh\nZUCRJnrc3jX9PEPA9FqfuEpmw5Hi+zLBnH2BgF+W2QWjxMVTWgMlRda9DWvLmUg1\nv8YD8YFyBEesyrXwvEMYcp6e+bXLcC/PE8Q0BCf0fjlPQiOVkM0NrQ08iZ7UMLTj\n6fDXph5kHf4tLsG/0zh2kYNnpmFFQj65SvjSnnidliXYQ69WnoljtNMkUgukshD6\nKTW98fwRFyrE30ZO7EuZYO8hPlvC8VJCOU6nigLc3MieUoHoDfSuU9+o8lwD+M6w\n5nx8kdldoBPwh/8Hu1jb9m+T8zrWyJpogN9FG7kbWtP0/sqCLhvslnzYlW8Xxycr\nzEjacXRhRhZWm8FEsFNUxeVuQiZx7NFyowklspwCaGG2U/xG3PJD73QsXpCQJbok\nKYRZM1na6EAhu7glVxHdKaOGdkl3xJrlUe4CoY6wc1rO76Xa5i7edMpXfgMhLxTL\nHIK2eav20yaz1LSfsBM9c/IDBsWU2sdR7dvRFJXQak4gHkE+cOZO2BstU/jzF+0K\nzX+nLiOyVlzTgGoEOvsN6kwLIKERzvKJdfZL+XIDapWSjqF4cWSg0Qk+2GQBPsGA\n1MXoIxeaLpyMif0jjkDvk3ZBMSafXCfHR2oq29GyPJ14KiR5FxfzR/+IRjsCAwEA\nAQKCAgA+L+RMYdBzOrNI+VD3t2SzN5jIRQFKUqShdM1vX1q7ZB3ai+RgOWOM47Zw\nT5Bw19WyIu7+q77/EObXDPei8iNKrOVXl8x+Lj00Hzazxd0oNxUzqUZgUS9eqK4l\nZcFnIt6gIPddYM2vl8LBgoeE1D1Vf7Yx21w2cera73THALALGA3Tv1z2Pmhml4uK\nGCGTMUKV/OiVfaNdf0Cv2wUuWkOrPK96cPxtATHktyTgIia8xUVo9XZyNO/f9Gjt\nF+K5F08Hh5+9wWV9nG7TowycJUp/LIdvGI+jJ2ObKdnVztbDO09ckpAu+UhqC86o\n14hK37fP5WIb7lDXEnFOtlVAzZTkQBU7gMO1pdGjfZCcGcX6DXOMKy354vFPAwGN\nR4KmwjqRYa+7CIGeQMNhnvPEUIT6ZvoVV1LqE88v/WORdGFi4uUxcSvtdeooTyC5\n1z3WJibPuS//6uD2ApcO0l9vFNWOmBd+R8HWUlRF71CABdXaZs1MnyOYXo05fjUm\nOxTSEg2r4cLhlmZfA2ZoM2Ey9Uskwvy9hezJ5TeEBJI6b1APYORwIZ2ZjtBBf3tn\nrGMXpnSfqqNi4+NFuIdfLeu9pot0oDLzuAPvOudmFy8NBuinJ7S5qDZnBt0XOezk\nwb+2OGisVn+A3esGaN+BOEe3DA0FLPihBuRTcdmLj0z7FEk9UQKCAQEA+YvvN5Na\n4NTONkGXkd9kU/VvPZiloniftepDDZix++LeOdDSWtr+5XejAn5mrhSMgAqbdy1n\njyhXaYN7FPWCiJDhuXJHl0S2/lktFCsP1ju4fxZEu4P8bCTnULd59Kb4AxBDVz0o\nJOoZhFjhrKg+y5q9Ld9lLYvojYcbNMRWZvrwdPWmXuD/6oV2qCK/9MkHaf//pbQX\n/Lp3RePWHkgCtoDYQ5ePFBvO7Z8mtAg+0TaPhZ33jF7px/ypxStGKASDUcdP3UmW\neBRnxdyh/P+a4yDkgPoBkT6aJrPWuR/tswTub377e4Gq7BWn9yVIoYa0kJ2dqSfl\nTiWNDAl9nx6CgwKCAQEA5IEyagmZ0VB0IDTX55KKJBuz7GYnYO0eM9EK05NclfmM\na0sbvDUeQVxOcunWIX0JkUddacv27HNwIiGc4K259VTfw3MRAl3BYwibu8yfNNqb\nwtdVIfpDwJILLOfTEsV8qoDiN+xqDZLQ1187zh4OI9fwTtFOrNsYZTWwsb4PTC2V\nwARYhOBU3+/uG44QY0X5+SFgpQ9HOr5p64xVyeBXP59ibgEvDUJcUZVU6EMXfTyQ\nSKoIcgvdXKuK4Fi43HcEBGXbEteNTEMvmTzeztRU0m8ICifHQNxvKy+mBWquHOMU\noS+SGOMV9qABOrxHy0G0+Q5E1CR4oXsoNQMmzMH/6QKCAQEAz/dfuAg0z3RqGmtV\nfrsWaKX9O+8v8pPmPfvqP7WGdu3d138BH7isft3SWuyuc9sqMDcm0w5i5LpxBr0N\nYS0tyNQ9WYg0w4r/mj8FQ26Tty10F22egEuBnTqwD+OoXkycGil+hYCxKPpzo4lT\nIcng81uU11r6fhfACdqTwMjzXMU6ia6DJUUL4g2yEnNLWBwE8sDm89h/uR5I8lTr\nB7dpk2ETWlk/Yzm9nOhqn9TTTRXUTD2WpUQgPouBjJEA2a7RJeEd3MRMAuy2gv3Z\nffgiw7CQ3i/8CGiMnT547zT9qpisgPzpZkdtA20U2vIWco7Jgk/oqaVXA2ZmAqcS\nKv6JMwKCAQEAsxsVkgnueCOQskHZTZkOEFlqgQxdJ1sUxla/HrGt65wL1Xmsxqv4\nCBE7KFVjUyJ34ljGvotyA0pEhWxFU9K4JLUfI0rI9UrZry9rKhusWrhTSLiR8S0B\n+CpA+jTHvDnxio+1QVJcmkEO0xHBhcEHIk86+/yRp2mgSIx58AfiY7qDW1vMqnJP\n9KtSvmRvMfECi6T+5MIB+eiQi2GXSMJAgQ0EEOd6ovD1/biIMfmMqsxS57HnJsVo\nACAxncHNPHlJO80+lxk/lpw+7eTJW+MQjVUcPyGIy608seQKRMqmqNvRKrpn0HwG\nliY6cHht6cKaAHGPv5zKtQActti+i9YwKQKCAQBKCuwOXY0VJIFg+QfHQPdvPhiO\n9cUdUXDLhMQ9sB82D7sz6yTYNMXa9pVziEYMRo1ZpqLLvfeg3iKDVgi9D9DlH5tT\ny/y7A331OVZLM5UTrViHhkGAqox6hNCYXFEqTlL98hDZZVYwLx+MBZFM49ht1aSD\nMBvto13vRcaQm/Lms1L/2AchqbSjDJAxdHMZskM8qGInDpCC/mYxSuqeVmJvZohT\noHzJWkht0/u5lBqXGbqDi55SzRZGXxcU0oB/6xsF+eJb38FiWRXan/Scll/slp1G\njn4k+k+V/K6RVrhIjkxwKbi0u/a9oqp9H30U0gF95kJP2EUU1ZwbwfK18FmB\n-----END RSA PRIVATE KEY-----\n",
            "public_key_fingerprint_md5": "82:a4:f2:5d:f5:38:44:11:1a:86:98:2c:55:91:60:0b",
            "public_key_fingerprint_sha256": "SHA256:2fei6eldswJ6NbSV8s1/yMjRvPr7Ff8zhvvTPu8bUYM",
            "public_key_openssh": "ssh-rsa AAAAB3NzaC1yc2EAAAADAQABAAACAQDevpG1vEP06C4OFW8XhkfslYopsPh6K/I74Ac41HltcDbT02FlQJEmetzeNf08Q8D0Wp+4SmbDkeL7MsGcfYGAX5bZBaPExVNaAyVF1r0Na8uZSDW/xgPxgXIER6zKtfC8Qxhynp75tctwL88TxDQEJ/R+OU9CI5WQzQ2tDTyJntQwtOPp8NemHmQd/i0uwb/TOHaRg2emYUVCPrlK+NKeeJ2WJdhDr1aeiWO00yRSC6SyEPopNb3x/BEXKsTfRk7sS5lg7yE+W8LxUkI5TqeKAtzcyJ5SgegN9K5T36jyXAP4zrDmfHyR2V2gE/CH/we7WNv2b5PzOtbImmiA30UbuRta0/T+yoIuG+yWfNiVbxfHJyvMSNpxdGFGFlabwUSwU1TF5W5CJnHs0XKjCSWynAJoYbZT/Ebc8kPvdCxekJAluiQphFkzWdroQCG7uCVXEd0po4Z2SXfEmuVR7gKhjrBzWs7vpdrmLt50yld+AyEvFMscgrZ5q/bTJrPUtJ+wEz1z8gMGxZTax1Ht29EUldBqTiAeQT5w5k7YGy1T+PMX7QrNf6cuI7JWXNOAagQ6+w3qTAsgoRHO8ol19kv5cgNqlZKOoXhxZKDRCT7YZAE+wYDUxegjF5ounIyJ/SOOQO+TdkExJp9cJ8dHairb0bI8nXgqJHkXF/NH/4hGOw==\n",
            "public_key_pem": "-----BEGIN PUBLIC KEY-----\nMIICIjANBgkqhkiG9w0BAQEFAAOCAg8AMIICCgKCAgEA3r6RtbxD9OguDhVvF4ZH\n7JWKKbD4eivyO+AHONR5bXA209NhZUCRJnrc3jX9PEPA9FqfuEpmw5Hi+zLBnH2B\ngF+W2QWjxMVTWgMlRda9DWvLmUg1v8YD8YFyBEesyrXwvEMYcp6e+bXLcC/PE8Q0\nBCf0fjlPQiOVkM0NrQ08iZ7UMLTj6fDXph5kHf4tLsG/0zh2kYNnpmFFQj65SvjS\nnnidliXYQ69WnoljtNMkUgukshD6KTW98fwRFyrE30ZO7EuZYO8hPlvC8VJCOU6n\nigLc3MieUoHoDfSuU9+o8lwD+M6w5nx8kdldoBPwh/8Hu1jb9m+T8zrWyJpogN9F\nG7kbWtP0/sqCLhvslnzYlW8XxycrzEjacXRhRhZWm8FEsFNUxeVuQiZx7NFyowkl\nspwCaGG2U/xG3PJD73QsXpCQJbokKYRZM1na6EAhu7glVxHdKaOGdkl3xJrlUe4C\noY6wc1rO76Xa5i7edMpXfgMhLxTLHIK2eav20yaz1LSfsBM9c/IDBsWU2sdR7dvR\nFJXQak4gHkE+cOZO2BstU/jzF+0KzX+nLiOyVlzTgGoEOvsN6kwLIKERzvKJdfZL\n+XIDapWSjqF4cWSg0Qk+2GQBPsGA1MXoIxeaLpyMif0jjkDvk3ZBMSafXCfHR2oq\n29GyPJ14KiR5FxfzR/+IRjsCAwEAAQ==\n-----END PUBLIC KEY-----\n",
            "rsa_bits": 4096
          },
          "sensitive_attributes": [],
          "private": "bnVsbA=="
        }
      ]
    }
  ]
}
